
Microsoft Visual Studio Solution File, Format Version 12.00
# Visual Studio Version 16
VisualStudioVersion = 16.0.30611.23
MinimumVisualStudioVersion = 10.0.40219.1
Project("{FAE04EC0-301F-11D3-BF4B-00C04F79EFBC}") = "essential1", "essential1\essential1.csproj", "{6980CE9A-9258-48C2-869A-5EA9DDD36993}"
EndProject
Global
	GlobalSection(SolutionConfigurationPlatforms) = preSolution
		Debug|Any CPU = Debug|Any CPU
		Release|Any CPU = Release|Any CPU
	EndGlobalSection
	GlobalSection(ProjectConfigurationPlatforms) = postSolution
		{6980CE9A-9258-48C2-869A-5EA9DDD36993}.Debug|Any CPU.ActiveCfg = Debug|Any CPU
		{6980CE9A-9258-48C2-869A-5EA9DDD36993}.Debug|Any CPU.Build.0 = Debug|Any CPU
		{6980CE9A-9258-48C2-869A-5EA9DDD36993}.Release|Any CPU.ActiveCfg = Release|Any CPU
		{6980CE9A-9258-48C2-869A-5EA9DDD36993}.Release|Any CPU.Build.0 = Release|Any CPU
	EndGlobalSection
	GlobalSection(SolutionProperties) = preSolution
		HideSolutionNode = FALSE
	EndGlobalSection
	GlobalSection(ExtensibilityGlobals) = postSolution
		SolutionGuid = {858B2A54-56C7-4E5D-99BB-1CE6E1822C7E}
	EndGlobalSection
EndGlobal
