
Microsoft Visual Studio Solution File, Format Version 12.00
# Visual Studio Version 16
VisualStudioVersion = 16.0.30523.141
MinimumVisualStudioVersion = 10.0.40219.1
Project("{FAE04EC0-301F-11D3-BF4B-00C04F79EFBC}") = "Essential1-1", "Essential1-1\Essential1-1.csproj", "{578EDE11-C41D-4B72-B9A4-10E2AA46798D}"
EndProject
Global
	GlobalSection(SolutionConfigurationPlatforms) = preSolution
		Debug|Any CPU = Debug|Any CPU
		Release|Any CPU = Release|Any CPU
	EndGlobalSection
	GlobalSection(ProjectConfigurationPlatforms) = postSolution
		{578EDE11-C41D-4B72-B9A4-10E2AA46798D}.Debug|Any CPU.ActiveCfg = Debug|Any CPU
		{578EDE11-C41D-4B72-B9A4-10E2AA46798D}.Debug|Any CPU.Build.0 = Debug|Any CPU
		{578EDE11-C41D-4B72-B9A4-10E2AA46798D}.Release|Any CPU.ActiveCfg = Release|Any CPU
		{578EDE11-C41D-4B72-B9A4-10E2AA46798D}.Release|Any CPU.Build.0 = Release|Any CPU
	EndGlobalSection
	GlobalSection(SolutionProperties) = preSolution
		HideSolutionNode = FALSE
	EndGlobalSection
	GlobalSection(ExtensibilityGlobals) = postSolution
		SolutionGuid = {649EBB85-04BD-43BC-B629-65FD0D731318}
	EndGlobalSection
EndGlobal
