
Microsoft Visual Studio Solution File, Format Version 12.00
# Visual Studio Version 16
VisualStudioVersion = 16.0.30611.23
MinimumVisualStudioVersion = 10.0.40219.1
Project("{9A19103F-16F7-4668-BE54-9A1E7A4F7556}") = "Lesson5-1", "Lesson5-1\Lesson5-1.csproj", "{6A0C1A9E-BD54-445A-B805-3169FFD0FECD}"
EndProject
Global
	GlobalSection(SolutionConfigurationPlatforms) = preSolution
		Debug|Any CPU = Debug|Any CPU
		Release|Any CPU = Release|Any CPU
	EndGlobalSection
	GlobalSection(ProjectConfigurationPlatforms) = postSolution
		{6A0C1A9E-BD54-445A-B805-3169FFD0FECD}.Debug|Any CPU.ActiveCfg = Debug|Any CPU
		{6A0C1A9E-BD54-445A-B805-3169FFD0FECD}.Debug|Any CPU.Build.0 = Debug|Any CPU
		{6A0C1A9E-BD54-445A-B805-3169FFD0FECD}.Release|Any CPU.ActiveCfg = Release|Any CPU
		{6A0C1A9E-BD54-445A-B805-3169FFD0FECD}.Release|Any CPU.Build.0 = Release|Any CPU
	EndGlobalSection
	GlobalSection(SolutionProperties) = preSolution
		HideSolutionNode = FALSE
	EndGlobalSection
	GlobalSection(ExtensibilityGlobals) = postSolution
		SolutionGuid = {013C14C0-0AC3-4168-9071-E51B454E44F4}
	EndGlobalSection
EndGlobal
